
Microsoft Visual Studio Solution File, Format Version 12.00
# Visual Studio Version 17
VisualStudioVersion = 17.11.35219.272
MinimumVisualStudioVersion = 10.0.40219.1
Project("{9A19103F-16F7-4668-BE54-9A1E7A4F7556}") = "CarPartsStore", "CarPartsStore\CarPartsStore.csproj", "{BE410E40-F85E-4952-959F-8C7EBACF3E50}"
EndProject
Project("{FAE04EC0-301F-11D3-BF4B-00C04F79EFBC}") = "CarPartsStore.Data", "CarPartsStore.Data\CarPartsStore.Data.csproj", "{8E85239F-728D-4ABA-AB10-3A26D1E1B4C9}"
	ProjectSection(ProjectDependencies) = postProject
		{5033601E-B642-4DF7-8A5D-6E5499B1957E} = {5033601E-B642-4DF7-8A5D-6E5499B1957E}
	EndProjectSection
EndProject
Project("{FAE04EC0-301F-11D3-BF4B-00C04F79EFBC}") = "CarPartsStore.IOC", "CarPartsStore.IOC\CarPartsStore.IOC.csproj", "{385CE6EA-D32C-4F63-A8EF-54F9397FFD8A}"
	ProjectSection(ProjectDependencies) = postProject
		{5033601E-B642-4DF7-8A5D-6E5499B1957E} = {5033601E-B642-4DF7-8A5D-6E5499B1957E}
		{8E85239F-728D-4ABA-AB10-3A26D1E1B4C9} = {8E85239F-728D-4ABA-AB10-3A26D1E1B4C9}
	EndProjectSection
EndProject
Project("{FAE04EC0-301F-11D3-BF4B-00C04F79EFBC}") = "CarPartsStore.Domain", "CarPartsStore.Domain\CarPartsStore.Domain.csproj", "{5033601E-B642-4DF7-8A5D-6E5499B1957E}"
EndProject
Global
	GlobalSection(SolutionConfigurationPlatforms) = preSolution
		Debug|Any CPU = Debug|Any CPU
		Release|Any CPU = Release|Any CPU
	EndGlobalSection
	GlobalSection(ProjectConfigurationPlatforms) = postSolution
		{BE410E40-F85E-4952-959F-8C7EBACF3E50}.Debug|Any CPU.ActiveCfg = Debug|Any CPU
		{BE410E40-F85E-4952-959F-8C7EBACF3E50}.Debug|Any CPU.Build.0 = Debug|Any CPU
		{BE410E40-F85E-4952-959F-8C7EBACF3E50}.Release|Any CPU.ActiveCfg = Release|Any CPU
		{BE410E40-F85E-4952-959F-8C7EBACF3E50}.Release|Any CPU.Build.0 = Release|Any CPU
		{8E85239F-728D-4ABA-AB10-3A26D1E1B4C9}.Debug|Any CPU.ActiveCfg = Debug|Any CPU
		{8E85239F-728D-4ABA-AB10-3A26D1E1B4C9}.Debug|Any CPU.Build.0 = Debug|Any CPU
		{8E85239F-728D-4ABA-AB10-3A26D1E1B4C9}.Release|Any CPU.ActiveCfg = Release|Any CPU
		{8E85239F-728D-4ABA-AB10-3A26D1E1B4C9}.Release|Any CPU.Build.0 = Release|Any CPU
		{385CE6EA-D32C-4F63-A8EF-54F9397FFD8A}.Debug|Any CPU.ActiveCfg = Debug|Any CPU
		{385CE6EA-D32C-4F63-A8EF-54F9397FFD8A}.Debug|Any CPU.Build.0 = Debug|Any CPU
		{385CE6EA-D32C-4F63-A8EF-54F9397FFD8A}.Release|Any CPU.ActiveCfg = Release|Any CPU
		{385CE6EA-D32C-4F63-A8EF-54F9397FFD8A}.Release|Any CPU.Build.0 = Release|Any CPU
		{5033601E-B642-4DF7-8A5D-6E5499B1957E}.Debug|Any CPU.ActiveCfg = Debug|Any CPU
		{5033601E-B642-4DF7-8A5D-6E5499B1957E}.Debug|Any CPU.Build.0 = Debug|Any CPU
		{5033601E-B642-4DF7-8A5D-6E5499B1957E}.Release|Any CPU.ActiveCfg = Release|Any CPU
		{5033601E-B642-4DF7-8A5D-6E5499B1957E}.Release|Any CPU.Build.0 = Release|Any CPU
	EndGlobalSection
	GlobalSection(SolutionProperties) = preSolution
		HideSolutionNode = FALSE
	EndGlobalSection
	GlobalSection(ExtensibilityGlobals) = postSolution
		SolutionGuid = {A056017B-1DC2-4AD4-828C-FA9A9445C264}
	EndGlobalSection
EndGlobal
